
Microsoft Visual Studio Solution File, Format Version 12.00
# Visual Studio Version 16
VisualStudioVersion = 16.0.29409.12
MinimumVisualStudioVersion = 10.0.40219.1
Project("{FAE04EC0-301F-11D3-BF4B-00C04F79EFBC}") = "csv converter", "csv converter\csv converter.csproj", "{F19C5AA5-8BA0-4BA2-9800-FE1EA0AC709A}"
EndProject
Global
	GlobalSection(SolutionConfigurationPlatforms) = preSolution
		Debug|Any CPU = Debug|Any CPU
		Release|Any CPU = Release|Any CPU
	EndGlobalSection
	GlobalSection(ProjectConfigurationPlatforms) = postSolution
		{F19C5AA5-8BA0-4BA2-9800-FE1EA0AC709A}.Debug|Any CPU.ActiveCfg = Debug|Any CPU
		{F19C5AA5-8BA0-4BA2-9800-FE1EA0AC709A}.Debug|Any CPU.Build.0 = Debug|Any CPU
		{F19C5AA5-8BA0-4BA2-9800-FE1EA0AC709A}.Release|Any CPU.ActiveCfg = Release|Any CPU
		{F19C5AA5-8BA0-4BA2-9800-FE1EA0AC709A}.Release|Any CPU.Build.0 = Release|Any CPU
	EndGlobalSection
	GlobalSection(SolutionProperties) = preSolution
		HideSolutionNode = FALSE
	EndGlobalSection
	GlobalSection(ExtensibilityGlobals) = postSolution
		SolutionGuid = {EDFA6FDF-3321-4474-BB6E-47782FEC1311}
	EndGlobalSection
EndGlobal
